// !$*UTF8*$!
{
	archiveVersion = 1;
	classes = {
	};
	objectVersion = 56;
	objects = {

/* Begin PBXBuildFile section */
		C02684112C6F55D100A9E055 /* Localizable.xcstrings in Resources */ = {isa = PBXBuildFile; fileRef = C02684102C6F55D100A9E055 /* Localizable.xcstrings */; };
		C02684132C6F5D5E00A9E055 /* LanguageManager.swift in Sources */ = {isa = PBXBuildFile; fileRef = C02684122C6F5D5E00A9E055 /* LanguageManager.swift */; };
		C0331E552C69F36C00623E28 /* HourlyCard.swift in Sources */ = {isa = PBXBuildFile; fileRef = C0331E542C69F36C00623E28 /* HourlyCard.swift */; };
		C039D2252C64EAD200D7D696 /* WeatherApp.swift in Sources */ = {isa = PBXBuildFile; fileRef = C039D2242C64EAD200D7D696 /* WeatherApp.swift */; };
		C039D2292C64EAD400D7D696 /* Assets.xcassets in Resources */ = {isa = PBXBuildFile; fileRef = C039D2282C64EAD400D7D696 /* Assets.xcassets */; };
		C039D22C2C64EAD400D7D696 /* Preview Assets.xcassets in Resources */ = {isa = PBXBuildFile; fileRef = C039D22B2C64EAD400D7D696 /* Preview Assets.xcassets */; };
		C039D2332C64EBB100D7D696 /* HomeView.swift in Sources */ = {isa = PBXBuildFile; fileRef = C039D2322C64EBB100D7D696 /* HomeView.swift */; };
		C039D2352C64EBBA00D7D696 /* SettingsView.swift in Sources */ = {isa = PBXBuildFile; fileRef = C039D2342C64EBBA00D7D696 /* SettingsView.swift */; };
		C039D2372C64EBDC00D7D696 /* WeatherTabView.swift in Sources */ = {isa = PBXBuildFile; fileRef = C039D2362C64EBDC00D7D696 /* WeatherTabView.swift */; };
		C039D2402C64FB5000D7D696 /* HomeViewModel.swift in Sources */ = {isa = PBXBuildFile; fileRef = C039D23F2C64FB5000D7D696 /* HomeViewModel.swift */; };
		C039D2452C64FFAC00D7D696 /* LocationManager.swift in Sources */ = {isa = PBXBuildFile; fileRef = C039D2442C64FFAC00D7D696 /* LocationManager.swift */; };
		C039D2482C65016800D7D696 /* WeatherManager.swift in Sources */ = {isa = PBXBuildFile; fileRef = C039D2472C65016800D7D696 /* WeatherManager.swift */; };
		C039D2512C660A6300D7D696 /* LocationKey.swift in Sources */ = {isa = PBXBuildFile; fileRef = C039D2502C660A6300D7D696 /* LocationKey.swift */; };
		C039D2532C660C4900D7D696 /* HourlyForecast.swift in Sources */ = {isa = PBXBuildFile; fileRef = C039D2522C660C4900D7D696 /* HourlyForecast.swift */; };
		C039D2552C660E1000D7D696 /* DailyForecast.swift in Sources */ = {isa = PBXBuildFile; fileRef = C039D2542C660E1000D7D696 /* DailyForecast.swift */; };
		C078231D2C69F64F007CCC8D /* DailyCard.swift in Sources */ = {isa = PBXBuildFile; fileRef = C078231C2C69F64F007CCC8D /* DailyCard.swift */; };
		C078231F2C69FC39007CCC8D /* CurrentInfo.swift in Sources */ = {isa = PBXBuildFile; fileRef = C078231E2C69FC39007CCC8D /* CurrentInfo.swift */; };
		C07823212C6A46D8007CCC8D /* AsyncImageView.swift in Sources */ = {isa = PBXBuildFile; fileRef = C07823202C6A46D8007CCC8D /* AsyncImageView.swift */; };
		C079A0922C6F673B0032244A /* ThemeManager.swift in Sources */ = {isa = PBXBuildFile; fileRef = C079A0912C6F673B0032244A /* ThemeManager.swift */; };
		C079A0942C6F6EEE0032244A /* UnitManager.swift in Sources */ = {isa = PBXBuildFile; fileRef = C079A0932C6F6EEE0032244A /* UnitManager.swift */; };
/* End PBXBuildFile section */

/* Begin PBXFileReference section */
		C02684102C6F55D100A9E055 /* Localizable.xcstrings */ = {isa = PBXFileReference; lastKnownFileType = text.json.xcstrings; path = Localizable.xcstrings; sourceTree = "<group>"; };
		C02684122C6F5D5E00A9E055 /* LanguageManager.swift */ = {isa = PBXFileReference; lastKnownFileType = sourcecode.swift; path = LanguageManager.swift; sourceTree = "<group>"; };
		C0331E542C69F36C00623E28 /* HourlyCard.swift */ = {isa = PBXFileReference; lastKnownFileType = sourcecode.swift; path = HourlyCard.swift; sourceTree = "<group>"; };
		C039D2212C64EAD200D7D696 /* WeatherApp.app */ = {isa = PBXFileReference; explicitFileType = wrapper.application; includeInIndex = 0; path = WeatherApp.app; sourceTree = BUILT_PRODUCTS_DIR; };
		C039D2242C64EAD200D7D696 /* WeatherApp.swift */ = {isa = PBXFileReference; lastKnownFileType = sourcecode.swift; path = WeatherApp.swift; sourceTree = "<group>"; };
		C039D2282C64EAD400D7D696 /* Assets.xcassets */ = {isa = PBXFileReference; lastKnownFileType = folder.assetcatalog; path = Assets.xcassets; sourceTree = "<group>"; };
		C039D22B2C64EAD400D7D696 /* Preview Assets.xcassets */ = {isa = PBXFileReference; lastKnownFileType = folder.assetcatalog; path = "Preview Assets.xcassets"; sourceTree = "<group>"; };
		C039D2322C64EBB100D7D696 /* HomeView.swift */ = {isa = PBXFileReference; lastKnownFileType = sourcecode.swift; path = HomeView.swift; sourceTree = "<group>"; };
		C039D2342C64EBBA00D7D696 /* SettingsView.swift */ = {isa = PBXFileReference; lastKnownFileType = sourcecode.swift; path = SettingsView.swift; sourceTree = "<group>"; };
		C039D2362C64EBDC00D7D696 /* WeatherTabView.swift */ = {isa = PBXFileReference; lastKnownFileType = sourcecode.swift; path = WeatherTabView.swift; sourceTree = "<group>"; };
		C039D23F2C64FB5000D7D696 /* HomeViewModel.swift */ = {isa = PBXFileReference; lastKnownFileType = sourcecode.swift; path = HomeViewModel.swift; sourceTree = "<group>"; };
		C039D2442C64FFAC00D7D696 /* LocationManager.swift */ = {isa = PBXFileReference; lastKnownFileType = sourcecode.swift; path = LocationManager.swift; sourceTree = "<group>"; };
		C039D2472C65016800D7D696 /* WeatherManager.swift */ = {isa = PBXFileReference; lastKnownFileType = sourcecode.swift; path = WeatherManager.swift; sourceTree = "<group>"; };
		C039D2502C660A6300D7D696 /* LocationKey.swift */ = {isa = PBXFileReference; lastKnownFileType = sourcecode.swift; path = LocationKey.swift; sourceTree = "<group>"; };
		C039D2522C660C4900D7D696 /* HourlyForecast.swift */ = {isa = PBXFileReference; lastKnownFileType = sourcecode.swift; path = HourlyForecast.swift; sourceTree = "<group>"; };
		C039D2542C660E1000D7D696 /* DailyForecast.swift */ = {isa = PBXFileReference; lastKnownFileType = sourcecode.swift; path = DailyForecast.swift; sourceTree = "<group>"; };
		C039D2562C66101B00D7D696 /* Config.xcconfig */ = {isa = PBXFileReference; lastKnownFileType = text.xcconfig; path = Config.xcconfig; sourceTree = "<group>"; };
		C039D2572C66107400D7D696 /* Info.plist */ = {isa = PBXFileReference; lastKnownFileType = text.plist.xml; path = Info.plist; sourceTree = "<group>"; };
		C078231C2C69F64F007CCC8D /* DailyCard.swift */ = {isa = PBXFileReference; lastKnownFileType = sourcecode.swift; path = DailyCard.swift; sourceTree = "<group>"; };
		C078231E2C69FC39007CCC8D /* CurrentInfo.swift */ = {isa = PBXFileReference; lastKnownFileType = sourcecode.swift; path = CurrentInfo.swift; sourceTree = "<group>"; };
		C07823202C6A46D8007CCC8D /* AsyncImageView.swift */ = {isa = PBXFileReference; lastKnownFileType = sourcecode.swift; path = AsyncImageView.swift; sourceTree = "<group>"; };
		C079A0912C6F673B0032244A /* ThemeManager.swift */ = {isa = PBXFileReference; lastKnownFileType = sourcecode.swift; path = ThemeManager.swift; sourceTree = "<group>"; };
		C079A0932C6F6EEE0032244A /* UnitManager.swift */ = {isa = PBXFileReference; lastKnownFileType = sourcecode.swift; path = UnitManager.swift; sourceTree = "<group>"; };
/* End PBXFileReference section */

/* Begin PBXFrameworksBuildPhase section */
		C039D21E2C64EAD200D7D696 /* Frameworks */ = {
			isa = PBXFrameworksBuildPhase;
			buildActionMask = 2147483647;
			files = (
			);
			runOnlyForDeploymentPostprocessing = 0;
		};
/* End PBXFrameworksBuildPhase section */

/* Begin PBXGroup section */
		C039D2182C64EAD200D7D696 = {
			isa = PBXGroup;
			children = (
				C039D2232C64EAD200D7D696 /* WeatherApp */,
				C039D2222C64EAD200D7D696 /* Products */,
			);
			sourceTree = "<group>";
		};
		C039D2222C64EAD200D7D696 /* Products */ = {
			isa = PBXGroup;
			children = (
				C039D2212C64EAD200D7D696 /* WeatherApp.app */,
			);
			name = Products;
			sourceTree = "<group>";
		};
		C039D2232C64EAD200D7D696 /* WeatherApp */ = {
			isa = PBXGroup;
			children = (
				C02684102C6F55D100A9E055 /* Localizable.xcstrings */,
				C039D2562C66101B00D7D696 /* Config.xcconfig */,
				C039D2572C66107400D7D696 /* Info.plist */,
				C079A0952C6F77DB0032244A /* Components */,
				C039D24D2C65E88600D7D696 /* Models */,
				C039D2462C64FFB800D7D696 /* Managers */,
				C039D23A2C64EC3400D7D696 /* Main */,
				C039D2392C64EC1D00D7D696 /* Settings */,
				C039D2382C64EC1400D7D696 /* Home */,
				C039D2242C64EAD200D7D696 /* WeatherApp.swift */,
				C039D2282C64EAD400D7D696 /* Assets.xcassets */,
				C039D22A2C64EAD400D7D696 /* Preview Content */,
			);
			path = WeatherApp;
			sourceTree = "<group>";
		};
		C039D22A2C64EAD400D7D696 /* Preview Content */ = {
			isa = PBXGroup;
			children = (
				C039D22B2C64EAD400D7D696 /* Preview Assets.xcassets */,
			);
			path = "Preview Content";
			sourceTree = "<group>";
		};
		C039D2382C64EC1400D7D696 /* Home */ = {
			isa = PBXGroup;
			children = (
				C039D23E2C64FB4300D7D696 /* ViewModel */,
				C039D2322C64EBB100D7D696 /* HomeView.swift */,
				C0331E542C69F36C00623E28 /* HourlyCard.swift */,
				C078231C2C69F64F007CCC8D /* DailyCard.swift */,
				C078231E2C69FC39007CCC8D /* CurrentInfo.swift */,
			);
			path = Home;
			sourceTree = "<group>";
		};
		C039D2392C64EC1D00D7D696 /* Settings */ = {
			isa = PBXGroup;
			children = (
				C039D2342C64EBBA00D7D696 /* SettingsView.swift */,
			);
			path = Settings;
			sourceTree = "<group>";
		};
		C039D23A2C64EC3400D7D696 /* Main */ = {
			isa = PBXGroup;
			children = (
				C039D2362C64EBDC00D7D696 /* WeatherTabView.swift */,
			);
			path = Main;
			sourceTree = "<group>";
		};
		C039D23E2C64FB4300D7D696 /* ViewModel */ = {
			isa = PBXGroup;
			children = (
				C039D23F2C64FB5000D7D696 /* HomeViewModel.swift */,
			);
			path = ViewModel;
			sourceTree = "<group>";
		};
		C039D2462C64FFB800D7D696 /* Managers */ = {
			isa = PBXGroup;
			children = (
				C039D2442C64FFAC00D7D696 /* LocationManager.swift */,
				C039D2472C65016800D7D696 /* WeatherManager.swift */,
				C02684122C6F5D5E00A9E055 /* LanguageManager.swift */,
				C079A0912C6F673B0032244A /* ThemeManager.swift */,
				C079A0932C6F6EEE0032244A /* UnitManager.swift */,
			);
			path = Managers;
			sourceTree = "<group>";
		};
		C039D24D2C65E88600D7D696 /* Models */ = {
			isa = PBXGroup;
			children = (
				C039D2502C660A6300D7D696 /* LocationKey.swift */,
				C039D2522C660C4900D7D696 /* HourlyForecast.swift */,
				C039D2542C660E1000D7D696 /* DailyForecast.swift */,
			);
			path = Models;
			sourceTree = "<group>";
		};
		C079A0952C6F77DB0032244A /* Components */ = {
			isa = PBXGroup;
			children = (
				C07823202C6A46D8007CCC8D /* AsyncImageView.swift */,
			);
			path = Components;
			sourceTree = "<group>";
		};
/* End PBXGroup section */

/* Begin PBXNativeTarget section */
		C039D2202C64EAD200D7D696 /* WeatherApp */ = {
			isa = PBXNativeTarget;
			buildConfigurationList = C039D22F2C64EAD400D7D696 /* Build configuration list for PBXNativeTarget "WeatherApp" */;
			buildPhases = (
				C039D21D2C64EAD200D7D696 /* Sources */,
				C039D21E2C64EAD200D7D696 /* Frameworks */,
				C039D21F2C64EAD200D7D696 /* Resources */,
			);
			buildRules = (
			);
			dependencies = (
			);
			name = WeatherApp;
			productName = WeatherApp;
			productReference = C039D2212C64EAD200D7D696 /* WeatherApp.app */;
			productType = "com.apple.product-type.application";
		};
/* End PBXNativeTarget section */

/* Begin PBXProject section */
		C039D2192C64EAD200D7D696 /* Project object */ = {
			isa = PBXProject;
			attributes = {
				BuildIndependentTargetsInParallel = 1;
				LastSwiftUpdateCheck = 1540;
				LastUpgradeCheck = 1540;
				TargetAttributes = {
					C039D2202C64EAD200D7D696 = {
						CreatedOnToolsVersion = 15.4;
					};
				};
			};
			buildConfigurationList = C039D21C2C64EAD200D7D696 /* Build configuration list for PBXProject "WeatherApp" */;
			compatibilityVersion = "Xcode 14.0";
			developmentRegion = en;
			hasScannedForEncodings = 0;
			knownRegions = (
				en,
				Base,
				tr,
			);
			mainGroup = C039D2182C64EAD200D7D696;
			productRefGroup = C039D2222C64EAD200D7D696 /* Products */;
			projectDirPath = "";
			projectRoot = "";
			targets = (
				C039D2202C64EAD200D7D696 /* WeatherApp */,
			);
		};
/* End PBXProject section */

/* Begin PBXResourcesBuildPhase section */
		C039D21F2C64EAD200D7D696 /* Resources */ = {
			isa = PBXResourcesBuildPhase;
			buildActionMask = 2147483647;
			files = (
				C039D22C2C64EAD400D7D696 /* Preview Assets.xcassets in Resources */,
				C039D2292C64EAD400D7D696 /* Assets.xcassets in Resources */,
				C02684112C6F55D100A9E055 /* Localizable.xcstrings in Resources */,
			);
			runOnlyForDeploymentPostprocessing = 0;
		};
/* End PBXResourcesBuildPhase section */

/* Begin PBXSourcesBuildPhase section */
		C039D21D2C64EAD200D7D696 /* Sources */ = {
			isa = PBXSourcesBuildPhase;
			buildActionMask = 2147483647;
			files = (
				C039D2512C660A6300D7D696 /* LocationKey.swift in Sources */,
				C039D2402C64FB5000D7D696 /* HomeViewModel.swift in Sources */,
				C039D2482C65016800D7D696 /* WeatherManager.swift in Sources */,
				C0331E552C69F36C00623E28 /* HourlyCard.swift in Sources */,
				C039D2332C64EBB100D7D696 /* HomeView.swift in Sources */,
				C039D2552C660E1000D7D696 /* DailyForecast.swift in Sources */,
				C039D2532C660C4900D7D696 /* HourlyForecast.swift in Sources */,
				C078231D2C69F64F007CCC8D /* DailyCard.swift in Sources */,
				C039D2452C64FFAC00D7D696 /* LocationManager.swift in Sources */,
				C02684132C6F5D5E00A9E055 /* LanguageManager.swift in Sources */,
				C078231F2C69FC39007CCC8D /* CurrentInfo.swift in Sources */,
				C079A0922C6F673B0032244A /* ThemeManager.swift in Sources */,
				C039D2352C64EBBA00D7D696 /* SettingsView.swift in Sources */,
				C039D2372C64EBDC00D7D696 /* WeatherTabView.swift in Sources */,
				C079A0942C6F6EEE0032244A /* UnitManager.swift in Sources */,
				C039D2252C64EAD200D7D696 /* WeatherApp.swift in Sources */,
				C07823212C6A46D8007CCC8D /* AsyncImageView.swift in Sources */,
			);
			runOnlyForDeploymentPostprocessing = 0;
		};
/* End PBXSourcesBuildPhase section */

/* Begin XCBuildConfiguration section */
		C039D22D2C64EAD400D7D696 /* Debug */ = {
			isa = XCBuildConfiguration;
			baseConfigurationReference = C039D2562C66101B00D7D696 /* Config.xcconfig */;
			buildSettings = {
				ALWAYS_SEARCH_USER_PATHS = NO;
				ASSETCATALOG_COMPILER_GENERATE_SWIFT_ASSET_SYMBOL_EXTENSIONS = YES;
				CLANG_ANALYZER_NONNULL = YES;
				CLANG_ANALYZER_NUMBER_OBJECT_CONVERSION = YES_AGGRESSIVE;
				CLANG_CXX_LANGUAGE_STANDARD = "gnu++20";
				CLANG_ENABLE_MODULES = YES;
				CLANG_ENABLE_OBJC_ARC = YES;
				CLANG_ENABLE_OBJC_WEAK = YES;
				CLANG_WARN_BLOCK_CAPTURE_AUTORELEASING = YES;
				CLANG_WARN_BOOL_CONVERSION = YES;
				CLANG_WARN_COMMA = YES;
				CLANG_WARN_CONSTANT_CONVERSION = YES;
				CLANG_WARN_DEPRECATED_OBJC_IMPLEMENTATIONS = YES;
				CLANG_WARN_DIRECT_OBJC_ISA_USAGE = YES_ERROR;
				CLANG_WARN_DOCUMENTATION_COMMENTS = YES;
				CLANG_WARN_EMPTY_BODY = YES;
				CLANG_WARN_ENUM_CONVERSION = YES;
				CLANG_WARN_INFINITE_RECURSION = YES;
				CLANG_WARN_INT_CONVERSION = YES;
				CLANG_WARN_NON_LITERAL_NULL_CONVERSION = YES;
				CLANG_WARN_OBJC_IMPLICIT_RETAIN_SELF = YES;
				CLANG_WARN_OBJC_LITERAL_CONVERSION = YES;
				CLANG_WARN_OBJC_ROOT_CLASS = YES_ERROR;
				CLANG_WARN_QUOTED_INCLUDE_IN_FRAMEWORK_HEADER = YES;
				CLANG_WARN_RANGE_LOOP_ANALYSIS = YES;
				CLANG_WARN_STRICT_PROTOTYPES = YES;
				CLANG_WARN_SUSPICIOUS_MOVE = YES;
				CLANG_WARN_UNGUARDED_AVAILABILITY = YES_AGGRESSIVE;
				CLANG_WARN_UNREACHABLE_CODE = YES;
				CLANG_WARN__DUPLICATE_METHOD_MATCH = YES;
				COPY_PHASE_STRIP = NO;
				DEBUG_INFORMATION_FORMAT = dwarf;
				ENABLE_STRICT_OBJC_MSGSEND = YES;
				ENABLE_TESTABILITY = YES;
				ENABLE_USER_SCRIPT_SANDBOXING = YES;
				GCC_C_LANGUAGE_STANDARD = gnu17;
				GCC_DYNAMIC_NO_PIC = NO;
				GCC_NO_COMMON_BLOCKS = YES;
				GCC_OPTIMIZATION_LEVEL = 0;
				GCC_PREPROCESSOR_DEFINITIONS = (
					"DEBUG=1",
					"$(inherited)",
				);
				GCC_WARN_64_TO_32_BIT_CONVERSION = YES;
				GCC_WARN_ABOUT_RETURN_TYPE = YES_ERROR;
				GCC_WARN_UNDECLARED_SELECTOR = YES;
				GCC_WARN_UNINITIALIZED_AUTOS = YES_AGGRESSIVE;
				GCC_WARN_UNUSED_FUNCTION = YES;
				GCC_WARN_UNUSED_VARIABLE = YES;
				IPHONEOS_DEPLOYMENT_TARGET = 17.5;
				LOCALIZATION_PREFERS_STRING_CATALOGS = YES;
				MTL_ENABLE_DEBUG_INFO = INCLUDE_SOURCE;
				MTL_FAST_MATH = YES;
				ONLY_ACTIVE_ARCH = YES;
				SDKROOT = iphoneos;
				SWIFT_ACTIVE_COMPILATION_CONDITIONS = "DEBUG $(inherited)";
				SWIFT_OPTIMIZATION_LEVEL = "-Onone";
			};
			name = Debug;
		};
		C039D22E2C64EAD400D7D696 /* Release */ = {
			isa = XCBuildConfiguration;
			baseConfigurationReference = C039D2562C66101B00D7D696 /* Config.xcconfig */;
			buildSettings = {
				ALWAYS_SEARCH_USER_PATHS = NO;
				ASSETCATALOG_COMPILER_GENERATE_SWIFT_ASSET_SYMBOL_EXTENSIONS = YES;
				CLANG_ANALYZER_NONNULL = YES;
				CLANG_ANALYZER_NUMBER_OBJECT_CONVERSION = YES_AGGRESSIVE;
				CLANG_CXX_LANGUAGE_STANDARD = "gnu++20";
				CLANG_ENABLE_MODULES = YES;
				CLANG_ENABLE_OBJC_ARC = YES;
				CLANG_ENABLE_OBJC_WEAK = YES;
				CLANG_WARN_BLOCK_CAPTURE_AUTORELEASING = YES;
				CLANG_WARN_BOOL_CONVERSION = YES;
				CLANG_WARN_COMMA = YES;
				CLANG_WARN_CONSTANT_CONVERSION = YES;
				CLANG_WARN_DEPRECATED_OBJC_IMPLEMENTATIONS = YES;
				CLANG_WARN_DIRECT_OBJC_ISA_USAGE = YES_ERROR;
				CLANG_WARN_DOCUMENTATION_COMMENTS = YES;
				CLANG_WARN_EMPTY_BODY = YES;
				CLANG_WARN_ENUM_CONVERSION = YES;
				CLANG_WARN_INFINITE_RECURSION = YES;
				CLANG_WARN_INT_CONVERSION = YES;
				CLANG_WARN_NON_LITERAL_NULL_CONVERSION = YES;
				CLANG_WARN_OBJC_IMPLICIT_RETAIN_SELF = YES;
				CLANG_WARN_OBJC_LITERAL_CONVERSION = YES;
				CLANG_WARN_OBJC_ROOT_CLASS = YES_ERROR;
				CLANG_WARN_QUOTED_INCLUDE_IN_FRAMEWORK_HEADER = YES;
				CLANG_WARN_RANGE_LOOP_ANALYSIS = YES;
				CLANG_WARN_STRICT_PROTOTYPES = YES;
				CLANG_WARN_SUSPICIOUS_MOVE = YES;
				CLANG_WARN_UNGUARDED_AVAILABILITY = YES_AGGRESSIVE;
				CLANG_WARN_UNREACHABLE_CODE = YES;
				CLANG_WARN__DUPLICATE_METHOD_MATCH = YES;
				COPY_PHASE_STRIP = NO;
				DEBUG_INFORMATION_FORMAT = "dwarf-with-dsym";
				ENABLE_NS_ASSERTIONS = NO;
				ENABLE_STRICT_OBJC_MSGSEND = YES;
				ENABLE_USER_SCRIPT_SANDBOXING = YES;
				GCC_C_LANGUAGE_STANDARD = gnu17;
				GCC_NO_COMMON_BLOCKS = YES;
				GCC_WARN_64_TO_32_BIT_CONVERSION = YES;
				GCC_WARN_ABOUT_RETURN_TYPE = YES_ERROR;
				GCC_WARN_UNDECLARED_SELECTOR = YES;
				GCC_WARN_UNINITIALIZED_AUTOS = YES_AGGRESSIVE;
				GCC_WARN_UNUSED_FUNCTION = YES;
				GCC_WARN_UNUSED_VARIABLE = YES;
				IPHONEOS_DEPLOYMENT_TARGET = 17.5;
				LOCALIZATION_PREFERS_STRING_CATALOGS = YES;
				MTL_ENABLE_DEBUG_INFO = NO;
				MTL_FAST_MATH = YES;
				SDKROOT = iphoneos;
				SWIFT_COMPILATION_MODE = wholemodule;
				VALIDATE_PRODUCT = YES;
			};
			name = Release;
		};
		C039D2302C64EAD400D7D696 /* Debug */ = {
			isa = XCBuildConfiguration;
			buildSettings = {
				ASSETCATALOG_COMPILER_APPICON_NAME = AppIcon;
				ASSETCATALOG_COMPILER_GLOBAL_ACCENT_COLOR_NAME = AccentColor;
				CODE_SIGN_STYLE = Automatic;
				CURRENT_PROJECT_VERSION = 1;
				DEVELOPMENT_ASSET_PATHS = "\"WeatherApp/Preview Content\"";
				DEVELOPMENT_TEAM = US7VK42U5H;
				ENABLE_PREVIEWS = YES;
				GENERATE_INFOPLIST_FILE = YES;
				INFOPLIST_FILE = WeatherApp/Info.plist;
				INFOPLIST_KEY_LSApplicationCategoryType = "";
				INFOPLIST_KEY_NSLocationWhenInUseUsageDescription = "App needs to access your location data to tell yo your location";
				INFOPLIST_KEY_UIApplicationSceneManifest_Generation = YES;
				INFOPLIST_KEY_UIApplicationSupportsIndirectInputEvents = YES;
				INFOPLIST_KEY_UILaunchScreen_Generation = YES;
				INFOPLIST_KEY_UISupportedInterfaceOrientations_iPad = "UIInterfaceOrientationPortrait UIInterfaceOrientationPortraitUpsideDown UIInterfaceOrientationLandscapeLeft UIInterfaceOrientationLandscapeRight";
				INFOPLIST_KEY_UISupportedInterfaceOrientations_iPhone = "UIInterfaceOrientationPortrait UIInterfaceOrientationLandscapeLeft UIInterfaceOrientationLandscapeRight";
				LD_RUNPATH_SEARCH_PATHS = (
					"$(inherited)",
					"@executable_path/Frameworks",
				);
				MARKETING_VERSION = 1.0;
				PRODUCT_BUNDLE_IDENTIFIER = com.celikmelih.WeatherApp;
				PRODUCT_NAME = "$(TARGET_NAME)";
				SWIFT_EMIT_LOC_STRINGS = YES;
				SWIFT_VERSION = 5.0;
				TARGETED_DEVICE_FAMILY = "1,2";
			};
			name = Debug;
		};
		C039D2312C64EAD400D7D696 /* Release */ = {
			isa = XCBuildConfiguration;
			buildSettings = {
				ASSETCATALOG_COMPILER_APPICON_NAME = AppIcon;
				ASSETCATALOG_COMPILER_GLOBAL_ACCENT_COLOR_NAME = AccentColor;
				CODE_SIGN_STYLE = Automatic;
				CURRENT_PROJECT_VERSION = 1;
				DEVELOPMENT_ASSET_PATHS = "\"WeatherApp/Preview Content\"";
				DEVELOPMENT_TEAM = US7VK42U5H;
				ENABLE_PREVIEWS = YES;
				GENERATE_INFOPLIST_FILE = YES;
				INFOPLIST_FILE = WeatherApp/Info.plist;
				INFOPLIST_KEY_LSApplicationCategoryType = "";
				INFOPLIST_KEY_NSLocationWhenInUseUsageDescription = "App needs to access your location data to tell yo your location";
				INFOPLIST_KEY_UIApplicationSceneManifest_Generation = YES;
				INFOPLIST_KEY_UIApplicationSupportsIndirectInputEvents = YES;
				INFOPLIST_KEY_UILaunchScreen_Generation = YES;
				INFOPLIST_KEY_UISupportedInterfaceOrientations_iPad = "UIInterfaceOrientationPortrait UIInterfaceOrientationPortraitUpsideDown UIInterfaceOrientationLandscapeLeft UIInterfaceOrientationLandscapeRight";
				INFOPLIST_KEY_UISupportedInterfaceOrientations_iPhone = "UIInterfaceOrientationPortrait UIInterfaceOrientationLandscapeLeft UIInterfaceOrientationLandscapeRight";
				LD_RUNPATH_SEARCH_PATHS = (
					"$(inherited)",
					"@executable_path/Frameworks",
				);
				MARKETING_VERSION = 1.0;
				PRODUCT_BUNDLE_IDENTIFIER = com.celikmelih.WeatherApp;
				PRODUCT_NAME = "$(TARGET_NAME)";
				SWIFT_EMIT_LOC_STRINGS = YES;
				SWIFT_VERSION = 5.0;
				TARGETED_DEVICE_FAMILY = "1,2";
			};
			name = Release;
		};
/* End XCBuildConfiguration section */

/* Begin XCConfigurationList section */
		C039D21C2C64EAD200D7D696 /* Build configuration list for PBXProject "WeatherApp" */ = {
			isa = XCConfigurationList;
			buildConfigurations = (
				C039D22D2C64EAD400D7D696 /* Debug */,
				C039D22E2C64EAD400D7D696 /* Release */,
			);
			defaultConfigurationIsVisible = 0;
			defaultConfigurationName = Release;
		};
		C039D22F2C64EAD400D7D696 /* Build configuration list for PBXNativeTarget "WeatherApp" */ = {
			isa = XCConfigurationList;
			buildConfigurations = (
				C039D2302C64EAD400D7D696 /* Debug */,
				C039D2312C64EAD400D7D696 /* Release */,
			);
			defaultConfigurationIsVisible = 0;
			defaultConfigurationName = Release;
		};
/* End XCConfigurationList section */
	};
	rootObject = C039D2192C64EAD200D7D696 /* Project object */;
}
